
Microsoft Visual Studio Solution File, Format Version 12.00
# Visual Studio 2017
Project("{FAE04EC0-301F-11D3-BF4B-00C04F79EFBC}") = "Sequenceur", "Sequenceur.csproj", "{FCFCB050-EE21-4E7B-4D4A-0409AE46BF26}"
EndProject
Global
	GlobalSection(SolutionConfigurationPlatforms) = preSolution
		Debug|Any CPU = Debug|Any CPU
		Release|Any CPU = Release|Any CPU
	EndGlobalSection
	GlobalSection(ProjectConfigurationPlatforms) = postSolution
		{FCFCB050-EE21-4E7B-4D4A-0409AE46BF26}.Debug|Any CPU.ActiveCfg = Debug|Any CPU
		{FCFCB050-EE21-4E7B-4D4A-0409AE46BF26}.Debug|Any CPU.Build.0 = Debug|Any CPU
		{FCFCB050-EE21-4E7B-4D4A-0409AE46BF26}.Release|Any CPU.ActiveCfg = Release|Any CPU
		{FCFCB050-EE21-4E7B-4D4A-0409AE46BF26}.Release|Any CPU.Build.0 = Release|Any CPU
	EndGlobalSection
	GlobalSection(SolutionProperties) = preSolution
		HideSolutionNode = FALSE
	EndGlobalSection
EndGlobal
